// !$*UTF8*$!
{
	archiveVersion = 1;
	classes = {
	};
	objectVersion = 50;
	objects = {

/* Begin PBXBuildFile section */
		AB99A85B23883E9900C07AD2 /* AppDelegate.swift in Sources */ = {isa = PBXBuildFile; fileRef = AB99A85A23883E9900C07AD2 /* AppDelegate.swift */; };
		AB99A85D23883E9900C07AD2 /* SceneDelegate.swift in Sources */ = {isa = PBXBuildFile; fileRef = AB99A85C23883E9900C07AD2 /* SceneDelegate.swift */; };
		AB99A86223883E9900C07AD2 /* Main.storyboard in Resources */ = {isa = PBXBuildFile; fileRef = AB99A86023883E9900C07AD2 /* Main.storyboard */; };
		AB99A86423883E9B00C07AD2 /* Assets.xcassets in Resources */ = {isa = PBXBuildFile; fileRef = AB99A86323883E9B00C07AD2 /* Assets.xcassets */; };
		AB99A86723883E9B00C07AD2 /* LaunchScreen.storyboard in Resources */ = {isa = PBXBuildFile; fileRef = AB99A86523883E9B00C07AD2 /* LaunchScreen.storyboard */; };
		AB99A87723883F3D00C07AD2 /* MovieTableViewCell.swift in Sources */ = {isa = PBXBuildFile; fileRef = AB99A87623883F3D00C07AD2 /* MovieTableViewCell.swift */; };
		AB99A8792388443500C07AD2 /* Movie.swift in Sources */ = {isa = PBXBuildFile; fileRef = AB99A8782388443500C07AD2 /* Movie.swift */; };
		AB99A87B2388499700C07AD2 /* MovieController.swift in Sources */ = {isa = PBXBuildFile; fileRef = AB99A87A2388499700C07AD2 /* MovieController.swift */; };
		AB99A87D238849AF00C07AD2 /* MovieListTableViewController.swift in Sources */ = {isa = PBXBuildFile; fileRef = AB99A87C238849AF00C07AD2 /* MovieListTableViewController.swift */; };
		AB99A87F23884CB000C07AD2 /* URLConstant.swift in Sources */ = {isa = PBXBuildFile; fileRef = AB99A87E23884CB000C07AD2 /* URLConstant.swift */; };
/* End PBXBuildFile section */

/* Begin PBXFileReference section */
		AB99A85723883E9900C07AD2 /* MovieSearch.app */ = {isa = PBXFileReference; explicitFileType = wrapper.application; includeInIndex = 0; path = MovieSearch.app; sourceTree = BUILT_PRODUCTS_DIR; };
		AB99A85A23883E9900C07AD2 /* AppDelegate.swift */ = {isa = PBXFileReference; lastKnownFileType = sourcecode.swift; path = AppDelegate.swift; sourceTree = "<group>"; };
		AB99A85C23883E9900C07AD2 /* SceneDelegate.swift */ = {isa = PBXFileReference; lastKnownFileType = sourcecode.swift; path = SceneDelegate.swift; sourceTree = "<group>"; };
		AB99A86123883E9900C07AD2 /* Base */ = {isa = PBXFileReference; lastKnownFileType = file.storyboard; name = Base; path = Base.lproj/Main.storyboard; sourceTree = "<group>"; };
		AB99A86323883E9B00C07AD2 /* Assets.xcassets */ = {isa = PBXFileReference; lastKnownFileType = folder.assetcatalog; path = Assets.xcassets; sourceTree = "<group>"; };
		AB99A86623883E9B00C07AD2 /* Base */ = {isa = PBXFileReference; lastKnownFileType = file.storyboard; name = Base; path = Base.lproj/LaunchScreen.storyboard; sourceTree = "<group>"; };
		AB99A86823883E9B00C07AD2 /* Info.plist */ = {isa = PBXFileReference; lastKnownFileType = text.plist.xml; path = Info.plist; sourceTree = "<group>"; };
		AB99A87623883F3D00C07AD2 /* MovieTableViewCell.swift */ = {isa = PBXFileReference; lastKnownFileType = sourcecode.swift; path = MovieTableViewCell.swift; sourceTree = "<group>"; };
		AB99A8782388443500C07AD2 /* Movie.swift */ = {isa = PBXFileReference; lastKnownFileType = sourcecode.swift; path = Movie.swift; sourceTree = "<group>"; };
		AB99A87A2388499700C07AD2 /* MovieController.swift */ = {isa = PBXFileReference; lastKnownFileType = sourcecode.swift; path = MovieController.swift; sourceTree = "<group>"; };
		AB99A87C238849AF00C07AD2 /* MovieListTableViewController.swift */ = {isa = PBXFileReference; lastKnownFileType = sourcecode.swift; path = MovieListTableViewController.swift; sourceTree = "<group>"; };
		AB99A87E23884CB000C07AD2 /* URLConstant.swift */ = {isa = PBXFileReference; lastKnownFileType = sourcecode.swift; path = URLConstant.swift; sourceTree = "<group>"; };
/* End PBXFileReference section */

/* Begin PBXFrameworksBuildPhase section */
		AB99A85423883E9900C07AD2 /* Frameworks */ = {
			isa = PBXFrameworksBuildPhase;
			buildActionMask = 2147483647;
			files = (
			);
			runOnlyForDeploymentPostprocessing = 0;
		};
/* End PBXFrameworksBuildPhase section */

/* Begin PBXGroup section */
		AB99A84E23883E9900C07AD2 = {
			isa = PBXGroup;
			children = (
				AB99A85923883E9900C07AD2 /* MovieSearch */,
				AB99A85823883E9900C07AD2 /* Products */,
			);
			sourceTree = "<group>";
		};
		AB99A85823883E9900C07AD2 /* Products */ = {
			isa = PBXGroup;
			children = (
				AB99A85723883E9900C07AD2 /* MovieSearch.app */,
			);
			name = Products;
			sourceTree = "<group>";
		};
		AB99A85923883E9900C07AD2 /* MovieSearch */ = {
			isa = PBXGroup;
			children = (
				AB99A87123883EBF00C07AD2 /* Views */,
				AB99A87023883EBA00C07AD2 /* Controllers */,
				AB99A86F23883EB400C07AD2 /* Models */,
				AB99A86E23883EAE00C07AD2 /* Resources */,
			);
			path = MovieSearch;
			sourceTree = "<group>";
		};
		AB99A86E23883EAE00C07AD2 /* Resources */ = {
			isa = PBXGroup;
			children = (
				AB99A85A23883E9900C07AD2 /* AppDelegate.swift */,
				AB99A85C23883E9900C07AD2 /* SceneDelegate.swift */,
				AB99A86323883E9B00C07AD2 /* Assets.xcassets */,
				AB99A86523883E9B00C07AD2 /* LaunchScreen.storyboard */,
				AB99A86823883E9B00C07AD2 /* Info.plist */,
			);
			path = Resources;
			sourceTree = "<group>";
		};
		AB99A86F23883EB400C07AD2 /* Models */ = {
			isa = PBXGroup;
			children = (
				AB99A8782388443500C07AD2 /* Movie.swift */,
				AB99A87E23884CB000C07AD2 /* URLConstant.swift */,
			);
			path = Models;
			sourceTree = "<group>";
		};
		AB99A87023883EBA00C07AD2 /* Controllers */ = {
			isa = PBXGroup;
			children = (
				AB99A87523883ED700C07AD2 /* Model Controllers */,
				AB99A87423883ED100C07AD2 /* View Controllers */,
			);
			path = Controllers;
			sourceTree = "<group>";
		};
		AB99A87123883EBF00C07AD2 /* Views */ = {
			isa = PBXGroup;
			children = (
				AB99A87323883ECB00C07AD2 /* Storyboards */,
				AB99A87223883EC500C07AD2 /* Custom Views */,
			);
			path = Views;
			sourceTree = "<group>";
		};
		AB99A87223883EC500C07AD2 /* Custom Views */ = {
			isa = PBXGroup;
			children = (
				AB99A87623883F3D00C07AD2 /* MovieTableViewCell.swift */,
			);
			path = "Custom Views";
			sourceTree = "<group>";
		};
		AB99A87323883ECB00C07AD2 /* Storyboards */ = {
			isa = PBXGroup;
			children = (
				AB99A86023883E9900C07AD2 /* Main.storyboard */,
			);
			path = Storyboards;
			sourceTree = "<group>";
		};
		AB99A87423883ED100C07AD2 /* View Controllers */ = {
			isa = PBXGroup;
			children = (
				AB99A87C238849AF00C07AD2 /* MovieListTableViewController.swift */,
			);
			path = "View Controllers";
			sourceTree = "<group>";
		};
		AB99A87523883ED700C07AD2 /* Model Controllers */ = {
			isa = PBXGroup;
			children = (
				AB99A87A2388499700C07AD2 /* MovieController.swift */,
			);
			path = "Model Controllers";
			sourceTree = "<group>";
		};
/* End PBXGroup section */

/* Begin PBXNativeTarget section */
		AB99A85623883E9900C07AD2 /* MovieSearch */ = {
			isa = PBXNativeTarget;
			buildConfigurationList = AB99A86B23883E9B00C07AD2 /* Build configuration list for PBXNativeTarget "MovieSearch" */;
			buildPhases = (
				AB99A85323883E9900C07AD2 /* Sources */,
				AB99A85423883E9900C07AD2 /* Frameworks */,
				AB99A85523883E9900C07AD2 /* Resources */,
			);
			buildRules = (
			);
			dependencies = (
			);
			name = MovieSearch;
			productName = MovieSearch;
			productReference = AB99A85723883E9900C07AD2 /* MovieSearch.app */;
			productType = "com.apple.product-type.application";
		};
/* End PBXNativeTarget section */

/* Begin PBXProject section */
		AB99A84F23883E9900C07AD2 /* Project object */ = {
			isa = PBXProject;
			attributes = {
				LastSwiftUpdateCheck = 1120;
				LastUpgradeCheck = 1120;
				ORGANIZATIONNAME = "Aaron Shackelford";
				TargetAttributes = {
					AB99A85623883E9900C07AD2 = {
						CreatedOnToolsVersion = 11.2.1;
					};
				};
			};
			buildConfigurationList = AB99A85223883E9900C07AD2 /* Build configuration list for PBXProject "MovieSearch" */;
			compatibilityVersion = "Xcode 9.3";
			developmentRegion = en;
			hasScannedForEncodings = 0;
			knownRegions = (
				en,
				Base,
			);
			mainGroup = AB99A84E23883E9900C07AD2;
			productRefGroup = AB99A85823883E9900C07AD2 /* Products */;
			projectDirPath = "";
			projectRoot = "";
			targets = (
				AB99A85623883E9900C07AD2 /* MovieSearch */,
			);
		};
/* End PBXProject section */

/* Begin PBXResourcesBuildPhase section */
		AB99A85523883E9900C07AD2 /* Resources */ = {
			isa = PBXResourcesBuildPhase;
			buildActionMask = 2147483647;
			files = (
				AB99A86723883E9B00C07AD2 /* LaunchScreen.storyboard in Resources */,
				AB99A86423883E9B00C07AD2 /* Assets.xcassets in Resources */,
				AB99A86223883E9900C07AD2 /* Main.storyboard in Resources */,
			);
			runOnlyForDeploymentPostprocessing = 0;
		};
/* End PBXResourcesBuildPhase section */

/* Begin PBXSourcesBuildPhase section */
		AB99A85323883E9900C07AD2 /* Sources */ = {
			isa = PBXSourcesBuildPhase;
			buildActionMask = 2147483647;
			files = (
				AB99A87D238849AF00C07AD2 /* MovieListTableViewController.swift in Sources */,
				AB99A85B23883E9900C07AD2 /* AppDelegate.swift in Sources */,
				AB99A87B2388499700C07AD2 /* MovieController.swift in Sources */,
				AB99A87F23884CB000C07AD2 /* URLConstant.swift in Sources */,
				AB99A85D23883E9900C07AD2 /* SceneDelegate.swift in Sources */,
				AB99A8792388443500C07AD2 /* Movie.swift in Sources */,
				AB99A87723883F3D00C07AD2 /* MovieTableViewCell.swift in Sources */,
			);
			runOnlyForDeploymentPostprocessing = 0;
		};
/* End PBXSourcesBuildPhase section */

/* Begin PBXVariantGroup section */
		AB99A86023883E9900C07AD2 /* Main.storyboard */ = {
			isa = PBXVariantGroup;
			children = (
				AB99A86123883E9900C07AD2 /* Base */,
			);
			name = Main.storyboard;
			sourceTree = "<group>";
		};
		AB99A86523883E9B00C07AD2 /* LaunchScreen.storyboard */ = {
			isa = PBXVariantGroup;
			children = (
				AB99A86623883E9B00C07AD2 /* Base */,
			);
			name = LaunchScreen.storyboard;
			sourceTree = "<group>";
		};
/* End PBXVariantGroup section */

/* Begin XCBuildConfiguration section */
		AB99A86923883E9B00C07AD2 /* Debug */ = {
			isa = XCBuildConfiguration;
			buildSettings = {
				ALWAYS_SEARCH_USER_PATHS = NO;
				CLANG_ANALYZER_NONNULL = YES;
				CLANG_ANALYZER_NUMBER_OBJECT_CONVERSION = YES_AGGRESSIVE;
				CLANG_CXX_LANGUAGE_STANDARD = "gnu++14";
				CLANG_CXX_LIBRARY = "libc++";
				CLANG_ENABLE_MODULES = YES;
				CLANG_ENABLE_OBJC_ARC = YES;
				CLANG_ENABLE_OBJC_WEAK = YES;
				CLANG_WARN_BLOCK_CAPTURE_AUTORELEASING = YES;
				CLANG_WARN_BOOL_CONVERSION = YES;
				CLANG_WARN_COMMA = YES;
				CLANG_WARN_CONSTANT_CONVERSION = YES;
				CLANG_WARN_DEPRECATED_OBJC_IMPLEMENTATIONS = YES;
				CLANG_WARN_DIRECT_OBJC_ISA_USAGE = YES_ERROR;
				CLANG_WARN_DOCUMENTATION_COMMENTS = YES;
				CLANG_WARN_EMPTY_BODY = YES;
				CLANG_WARN_ENUM_CONVERSION = YES;
				CLANG_WARN_INFINITE_RECURSION = YES;
				CLANG_WARN_INT_CONVERSION = YES;
				CLANG_WARN_NON_LITERAL_NULL_CONVERSION = YES;
				CLANG_WARN_OBJC_IMPLICIT_RETAIN_SELF = YES;
				CLANG_WARN_OBJC_LITERAL_CONVERSION = YES;
				CLANG_WARN_OBJC_ROOT_CLASS = YES_ERROR;
				CLANG_WARN_RANGE_LOOP_ANALYSIS = YES;
				CLANG_WARN_STRICT_PROTOTYPES = YES;
				CLANG_WARN_SUSPICIOUS_MOVE = YES;
				CLANG_WARN_UNGUARDED_AVAILABILITY = YES_AGGRESSIVE;
				CLANG_WARN_UNREACHABLE_CODE = YES;
				CLANG_WARN__DUPLICATE_METHOD_MATCH = YES;
				COPY_PHASE_STRIP = NO;
				DEBUG_INFORMATION_FORMAT = dwarf;
				ENABLE_STRICT_OBJC_MSGSEND = YES;
				ENABLE_TESTABILITY = YES;
				GCC_C_LANGUAGE_STANDARD = gnu11;
				GCC_DYNAMIC_NO_PIC = NO;
				GCC_NO_COMMON_BLOCKS = YES;
				GCC_OPTIMIZATION_LEVEL = 0;
				GCC_PREPROCESSOR_DEFINITIONS = (
					"DEBUG=1",
					"$(inherited)",
				);
				GCC_WARN_64_TO_32_BIT_CONVERSION = YES;
				GCC_WARN_ABOUT_RETURN_TYPE = YES_ERROR;
				GCC_WARN_UNDECLARED_SELECTOR = YES;
				GCC_WARN_UNINITIALIZED_AUTOS = YES_AGGRESSIVE;
				GCC_WARN_UNUSED_FUNCTION = YES;
				GCC_WARN_UNUSED_VARIABLE = YES;
				IPHONEOS_DEPLOYMENT_TARGET = 13.2;
				MTL_ENABLE_DEBUG_INFO = INCLUDE_SOURCE;
				MTL_FAST_MATH = YES;
				ONLY_ACTIVE_ARCH = YES;
				SDKROOT = iphoneos;
				SWIFT_ACTIVE_COMPILATION_CONDITIONS = DEBUG;
				SWIFT_OPTIMIZATION_LEVEL = "-Onone";
			};
			name = Debug;
		};
		AB99A86A23883E9B00C07AD2 /* Release */ = {
			isa = XCBuildConfiguration;
			buildSettings = {
				ALWAYS_SEARCH_USER_PATHS = NO;
				CLANG_ANALYZER_NONNULL = YES;
				CLANG_ANALYZER_NUMBER_OBJECT_CONVERSION = YES_AGGRESSIVE;
				CLANG_CXX_LANGUAGE_STANDARD = "gnu++14";
				CLANG_CXX_LIBRARY = "libc++";
				CLANG_ENABLE_MODULES = YES;
				CLANG_ENABLE_OBJC_ARC = YES;
				CLANG_ENABLE_OBJC_WEAK = YES;
				CLANG_WARN_BLOCK_CAPTURE_AUTORELEASING = YES;
				CLANG_WARN_BOOL_CONVERSION = YES;
				CLANG_WARN_COMMA = YES;
				CLANG_WARN_CONSTANT_CONVERSION = YES;
				CLANG_WARN_DEPRECATED_OBJC_IMPLEMENTATIONS = YES;
				CLANG_WARN_DIRECT_OBJC_ISA_USAGE = YES_ERROR;
				CLANG_WARN_DOCUMENTATION_COMMENTS = YES;
				CLANG_WARN_EMPTY_BODY = YES;
				CLANG_WARN_ENUM_CONVERSION = YES;
				CLANG_WARN_INFINITE_RECURSION = YES;
				CLANG_WARN_INT_CONVERSION = YES;
				CLANG_WARN_NON_LITERAL_NULL_CONVERSION = YES;
				CLANG_WARN_OBJC_IMPLICIT_RETAIN_SELF = YES;
				CLANG_WARN_OBJC_LITERAL_CONVERSION = YES;
				CLANG_WARN_OBJC_ROOT_CLASS = YES_ERROR;
				CLANG_WARN_RANGE_LOOP_ANALYSIS = YES;
				CLANG_WARN_STRICT_PROTOTYPES = YES;
				CLANG_WARN_SUSPICIOUS_MOVE = YES;
				CLANG_WARN_UNGUARDED_AVAILABILITY = YES_AGGRESSIVE;
				CLANG_WARN_UNREACHABLE_CODE = YES;
				CLANG_WARN__DUPLICATE_METHOD_MATCH = YES;
				COPY_PHASE_STRIP = NO;
				DEBUG_INFORMATION_FORMAT = "dwarf-with-dsym";
				ENABLE_NS_ASSERTIONS = NO;
				ENABLE_STRICT_OBJC_MSGSEND = YES;
				GCC_C_LANGUAGE_STANDARD = gnu11;
				GCC_NO_COMMON_BLOCKS = YES;
				GCC_WARN_64_TO_32_BIT_CONVERSION = YES;
				GCC_WARN_ABOUT_RETURN_TYPE = YES_ERROR;
				GCC_WARN_UNDECLARED_SELECTOR = YES;
				GCC_WARN_UNINITIALIZED_AUTOS = YES_AGGRESSIVE;
				GCC_WARN_UNUSED_FUNCTION = YES;
				GCC_WARN_UNUSED_VARIABLE = YES;
				IPHONEOS_DEPLOYMENT_TARGET = 13.2;
				MTL_ENABLE_DEBUG_INFO = NO;
				MTL_FAST_MATH = YES;
				SDKROOT = iphoneos;
				SWIFT_COMPILATION_MODE = wholemodule;
				SWIFT_OPTIMIZATION_LEVEL = "-O";
				VALIDATE_PRODUCT = YES;
			};
			name = Release;
		};
		AB99A86C23883E9B00C07AD2 /* Debug */ = {
			isa = XCBuildConfiguration;
			buildSettings = {
				ASSETCATALOG_COMPILER_APPICON_NAME = AppIcon;
				CODE_SIGN_STYLE = Automatic;
				DEVELOPMENT_TEAM = 69Y2XBHVDM;
				INFOPLIST_FILE = MovieSearch/Resources/Info.plist;
				LD_RUNPATH_SEARCH_PATHS = (
					"$(inherited)",
					"@executable_path/Frameworks",
				);
				PRODUCT_BUNDLE_IDENTIFIER = com.var7.MovieSearch;
				PRODUCT_NAME = "$(TARGET_NAME)";
				SWIFT_VERSION = 5.0;
				TARGETED_DEVICE_FAMILY = "1,2";
			};
			name = Debug;
		};
		AB99A86D23883E9B00C07AD2 /* Release */ = {
			isa = XCBuildConfiguration;
			buildSettings = {
				ASSETCATALOG_COMPILER_APPICON_NAME = AppIcon;
				CODE_SIGN_STYLE = Automatic;
				DEVELOPMENT_TEAM = 69Y2XBHVDM;
				INFOPLIST_FILE = MovieSearch/Resources/Info.plist;
				LD_RUNPATH_SEARCH_PATHS = (
					"$(inherited)",
					"@executable_path/Frameworks",
				);
				PRODUCT_BUNDLE_IDENTIFIER = com.var7.MovieSearch;
				PRODUCT_NAME = "$(TARGET_NAME)";
				SWIFT_VERSION = 5.0;
				TARGETED_DEVICE_FAMILY = "1,2";
			};
			name = Release;
		};
/* End XCBuildConfiguration section */

/* Begin XCConfigurationList section */
		AB99A85223883E9900C07AD2 /* Build configuration list for PBXProject "MovieSearch" */ = {
			isa = XCConfigurationList;
			buildConfigurations = (
				AB99A86923883E9B00C07AD2 /* Debug */,
				AB99A86A23883E9B00C07AD2 /* Release */,
			);
			defaultConfigurationIsVisible = 0;
			defaultConfigurationName = Release;
		};
		AB99A86B23883E9B00C07AD2 /* Build configuration list for PBXNativeTarget "MovieSearch" */ = {
			isa = XCConfigurationList;
			buildConfigurations = (
				AB99A86C23883E9B00C07AD2 /* Debug */,
				AB99A86D23883E9B00C07AD2 /* Release */,
			);
			defaultConfigurationIsVisible = 0;
			defaultConfigurationName = Release;
		};
/* End XCConfigurationList section */
	};
	rootObject = AB99A84F23883E9900C07AD2 /* Project object */;
}
